
Microsoft Visual Studio Solution File, Format Version 12.00
# Visual Studio Version 16
VisualStudioVersion = 16.0.30717.126
MinimumVisualStudioVersion = 10.0.40219.1
Project("{FAE04EC0-301F-11D3-BF4B-00C04F79EFBC}") = "ControlWork", "ControlWork\ControlWork.csproj", "{364C1D9E-8802-4A08-B1AC-06FF5ECEEF04}"
EndProject
Global
	GlobalSection(SolutionConfigurationPlatforms) = preSolution
		Debug|Any CPU = Debug|Any CPU
		Release|Any CPU = Release|Any CPU
	EndGlobalSection
	GlobalSection(ProjectConfigurationPlatforms) = postSolution
		{364C1D9E-8802-4A08-B1AC-06FF5ECEEF04}.Debug|Any CPU.ActiveCfg = Debug|Any CPU
		{364C1D9E-8802-4A08-B1AC-06FF5ECEEF04}.Debug|Any CPU.Build.0 = Debug|Any CPU
		{364C1D9E-8802-4A08-B1AC-06FF5ECEEF04}.Release|Any CPU.ActiveCfg = Release|Any CPU
		{364C1D9E-8802-4A08-B1AC-06FF5ECEEF04}.Release|Any CPU.Build.0 = Release|Any CPU
	EndGlobalSection
	GlobalSection(SolutionProperties) = preSolution
		HideSolutionNode = FALSE
	EndGlobalSection
	GlobalSection(ExtensibilityGlobals) = postSolution
		SolutionGuid = {2A15047D-3055-4179-B0BD-D8158B8B461F}
	EndGlobalSection
EndGlobal
